
Microsoft Visual Studio Solution File, Format Version 12.00
# Visual Studio 14
VisualStudioVersion = 14.0.24720.0
MinimumVisualStudioVersion = 10.0.40219.1
Project("{FAE04EC0-301F-11D3-BF4B-00C04F79EFBC}") = "ratchet-msil", "ratchet-msil\ratchet-msil.csproj", "{47E0C473-3250-4546-BD6D-58035637C010}"
EndProject
Project("{2150E333-8FDC-42A3-9474-1A3956D46DE8}") = "Samples", "Samples", "{5967D035-50CF-4C55-BBAD-E6DA46AB5A47}"
EndProject
Project("{FAE04EC0-301F-11D3-BF4B-00C04F79EFBC}") = "DisassembleMethod", "Samples\DisassembleMethod\DisassembleMethod.csproj", "{755AE9EF-BBE7-4BB7-BBAD-4F8ED7CB2560}"
EndProject
Project("{FAE04EC0-301F-11D3-BF4B-00C04F79EFBC}") = "PatchMethod", "Samples\PatchMethod\PatchMethod.csproj", "{EB3E716A-00D2-4A8F-B28C-5A62A734F482}"
EndProject
Global
	GlobalSection(SolutionConfigurationPlatforms) = preSolution
		Debug|Any CPU = Debug|Any CPU
		Release|Any CPU = Release|Any CPU
	EndGlobalSection
	GlobalSection(ProjectConfigurationPlatforms) = postSolution
		{47E0C473-3250-4546-BD6D-58035637C010}.Debug|Any CPU.ActiveCfg = Debug|Any CPU
		{47E0C473-3250-4546-BD6D-58035637C010}.Debug|Any CPU.Build.0 = Debug|Any CPU
		{47E0C473-3250-4546-BD6D-58035637C010}.Release|Any CPU.ActiveCfg = Release|Any CPU
		{47E0C473-3250-4546-BD6D-58035637C010}.Release|Any CPU.Build.0 = Release|Any CPU
		{755AE9EF-BBE7-4BB7-BBAD-4F8ED7CB2560}.Debug|Any CPU.ActiveCfg = Debug|Any CPU
		{755AE9EF-BBE7-4BB7-BBAD-4F8ED7CB2560}.Debug|Any CPU.Build.0 = Debug|Any CPU
		{755AE9EF-BBE7-4BB7-BBAD-4F8ED7CB2560}.Release|Any CPU.ActiveCfg = Release|Any CPU
		{755AE9EF-BBE7-4BB7-BBAD-4F8ED7CB2560}.Release|Any CPU.Build.0 = Release|Any CPU
		{EB3E716A-00D2-4A8F-B28C-5A62A734F482}.Debug|Any CPU.ActiveCfg = Debug|Any CPU
		{EB3E716A-00D2-4A8F-B28C-5A62A734F482}.Debug|Any CPU.Build.0 = Debug|Any CPU
		{EB3E716A-00D2-4A8F-B28C-5A62A734F482}.Release|Any CPU.ActiveCfg = Release|Any CPU
		{EB3E716A-00D2-4A8F-B28C-5A62A734F482}.Release|Any CPU.Build.0 = Release|Any CPU
	EndGlobalSection
	GlobalSection(SolutionProperties) = preSolution
		HideSolutionNode = FALSE
	EndGlobalSection
	GlobalSection(NestedProjects) = preSolution
		{755AE9EF-BBE7-4BB7-BBAD-4F8ED7CB2560} = {5967D035-50CF-4C55-BBAD-E6DA46AB5A47}
		{EB3E716A-00D2-4A8F-B28C-5A62A734F482} = {5967D035-50CF-4C55-BBAD-E6DA46AB5A47}
	EndGlobalSection
EndGlobal
